
Microsoft Visual Studio Solution File, Format Version 12.00
# Visual Studio Version 17
VisualStudioVersion = 17.3.32901.215
MinimumVisualStudioVersion = 10.0.40219.1
Project("{FAE04EC0-301F-11D3-BF4B-00C04F79EFBC}") = "Lab1Task5", "Lab1Task5.csproj", "{9AB46EA7-828B-41B1-B36C-E80E990C66B7}"
EndProject
Global
	GlobalSection(SolutionConfigurationPlatforms) = preSolution
		Debug|Any CPU = Debug|Any CPU
		Release|Any CPU = Release|Any CPU
	EndGlobalSection
	GlobalSection(ProjectConfigurationPlatforms) = postSolution
		{9AB46EA7-828B-41B1-B36C-E80E990C66B7}.Debug|Any CPU.ActiveCfg = Debug|Any CPU
		{9AB46EA7-828B-41B1-B36C-E80E990C66B7}.Debug|Any CPU.Build.0 = Debug|Any CPU
		{9AB46EA7-828B-41B1-B36C-E80E990C66B7}.Release|Any CPU.ActiveCfg = Release|Any CPU
		{9AB46EA7-828B-41B1-B36C-E80E990C66B7}.Release|Any CPU.Build.0 = Release|Any CPU
	EndGlobalSection
	GlobalSection(SolutionProperties) = preSolution
		HideSolutionNode = FALSE
	EndGlobalSection
	GlobalSection(ExtensibilityGlobals) = postSolution
		SolutionGuid = {6051B2C5-5C86-4E72-8245-4235240B83E7}
	EndGlobalSection
EndGlobal
